// !$*UTF8*$!
{
	archiveVersion = 1;
	classes = {
	};
	objectVersion = 56;
	objects = {

/* Begin PBXBuildFile section */
		7102BEF828E336C700A654D4 /* CalculatorActionsProtocol.swift in Sources */ = {isa = PBXBuildFile; fileRef = 7102BEF728E336C700A654D4 /* CalculatorActionsProtocol.swift */; };
		7109BAD328E1CF7800E8890D /* AppDelegate.swift in Sources */ = {isa = PBXBuildFile; fileRef = 7109BAD228E1CF7800E8890D /* AppDelegate.swift */; };
		7109BAD528E1CF7800E8890D /* SceneDelegate.swift in Sources */ = {isa = PBXBuildFile; fileRef = 7109BAD428E1CF7800E8890D /* SceneDelegate.swift */; };
		7109BADC28E1CF7900E8890D /* Assets.xcassets in Resources */ = {isa = PBXBuildFile; fileRef = 7109BADB28E1CF7900E8890D /* Assets.xcassets */; };
		7109BADF28E1CF7900E8890D /* LaunchScreen.storyboard in Resources */ = {isa = PBXBuildFile; fileRef = 7109BADD28E1CF7900E8890D /* LaunchScreen.storyboard */; };
		7109BAE728E1D08E00E8890D /* CustomButton.swift in Sources */ = {isa = PBXBuildFile; fileRef = 7109BAE628E1D08E00E8890D /* CustomButton.swift */; };
		7109BAEC28E1D11A00E8890D /* CalculatorViewController.swift in Sources */ = {isa = PBXBuildFile; fileRef = 7109BAEA28E1D11A00E8890D /* CalculatorViewController.swift */; };
		7109BAED28E1D11A00E8890D /* CalculatorViewController.xib in Resources */ = {isa = PBXBuildFile; fileRef = 7109BAEB28E1D11A00E8890D /* CalculatorViewController.xib */; };
		719F18E228E2F145004531B6 /* click.wav in Resources */ = {isa = PBXBuildFile; fileRef = 719F18E128E2F145004531B6 /* click.wav */; };
/* End PBXBuildFile section */

/* Begin PBXFileReference section */
		7102BEF728E336C700A654D4 /* CalculatorActionsProtocol.swift */ = {isa = PBXFileReference; lastKnownFileType = sourcecode.swift; path = CalculatorActionsProtocol.swift; sourceTree = "<group>"; };
		7109BACF28E1CF7800E8890D /* Calculator.app */ = {isa = PBXFileReference; explicitFileType = wrapper.application; includeInIndex = 0; path = Calculator.app; sourceTree = BUILT_PRODUCTS_DIR; };
		7109BAD228E1CF7800E8890D /* AppDelegate.swift */ = {isa = PBXFileReference; lastKnownFileType = sourcecode.swift; path = AppDelegate.swift; sourceTree = "<group>"; };
		7109BAD428E1CF7800E8890D /* SceneDelegate.swift */ = {isa = PBXFileReference; lastKnownFileType = sourcecode.swift; path = SceneDelegate.swift; sourceTree = "<group>"; };
		7109BADB28E1CF7900E8890D /* Assets.xcassets */ = {isa = PBXFileReference; lastKnownFileType = folder.assetcatalog; path = Assets.xcassets; sourceTree = "<group>"; };
		7109BADE28E1CF7900E8890D /* Base */ = {isa = PBXFileReference; lastKnownFileType = file.storyboard; name = Base; path = Base.lproj/LaunchScreen.storyboard; sourceTree = "<group>"; };
		7109BAE028E1CF7900E8890D /* Info.plist */ = {isa = PBXFileReference; lastKnownFileType = text.plist.xml; path = Info.plist; sourceTree = "<group>"; };
		7109BAE628E1D08E00E8890D /* CustomButton.swift */ = {isa = PBXFileReference; lastKnownFileType = sourcecode.swift; path = CustomButton.swift; sourceTree = "<group>"; };
		7109BAEA28E1D11A00E8890D /* CalculatorViewController.swift */ = {isa = PBXFileReference; lastKnownFileType = sourcecode.swift; path = CalculatorViewController.swift; sourceTree = "<group>"; };
		7109BAEB28E1D11A00E8890D /* CalculatorViewController.xib */ = {isa = PBXFileReference; lastKnownFileType = file.xib; path = CalculatorViewController.xib; sourceTree = "<group>"; };
		719F18E128E2F145004531B6 /* click.wav */ = {isa = PBXFileReference; lastKnownFileType = audio.wav; path = click.wav; sourceTree = "<group>"; };
/* End PBXFileReference section */

/* Begin PBXFrameworksBuildPhase section */
		7109BACC28E1CF7800E8890D /* Frameworks */ = {
			isa = PBXFrameworksBuildPhase;
			buildActionMask = 2147483647;
			files = (
			);
			runOnlyForDeploymentPostprocessing = 0;
		};
/* End PBXFrameworksBuildPhase section */

/* Begin PBXGroup section */
		7109BAC628E1CF7800E8890D = {
			isa = PBXGroup;
			children = (
				7109BAD128E1CF7800E8890D /* Calculator */,
				7109BAD028E1CF7800E8890D /* Products */,
			);
			sourceTree = "<group>";
		};
		7109BAD028E1CF7800E8890D /* Products */ = {
			isa = PBXGroup;
			children = (
				7109BACF28E1CF7800E8890D /* Calculator.app */,
			);
			name = Products;
			sourceTree = "<group>";
		};
		7109BAD128E1CF7800E8890D /* Calculator */ = {
			isa = PBXGroup;
			children = (
				7109BAE928E1D0F300E8890D /* Core */,
				7109BAE828E1D0E700E8890D /* Features */,
				7109BAE028E1CF7900E8890D /* Info.plist */,
				719F18E128E2F145004531B6 /* click.wav */,
			);
			path = Calculator;
			sourceTree = "<group>";
		};
		7109BAE828E1D0E700E8890D /* Features */ = {
			isa = PBXGroup;
			children = (
				7109BAE628E1D08E00E8890D /* CustomButton.swift */,
				7109BAEE28E1E1F400E8890D /* View */,
			);
			path = Features;
			sourceTree = "<group>";
		};
		7109BAE928E1D0F300E8890D /* Core */ = {
			isa = PBXGroup;
			children = (
				7109BAD228E1CF7800E8890D /* AppDelegate.swift */,
				7109BAD428E1CF7800E8890D /* SceneDelegate.swift */,
				7109BADB28E1CF7900E8890D /* Assets.xcassets */,
				7109BADD28E1CF7900E8890D /* LaunchScreen.storyboard */,
			);
			path = Core;
			sourceTree = "<group>";
		};
		7109BAEE28E1E1F400E8890D /* View */ = {
			isa = PBXGroup;
			children = (
				7102BEF728E336C700A654D4 /* CalculatorActionsProtocol.swift */,
				7109BAEA28E1D11A00E8890D /* CalculatorViewController.swift */,
				7109BAEB28E1D11A00E8890D /* CalculatorViewController.xib */,
			);
			path = View;
			sourceTree = "<group>";
		};
/* End PBXGroup section */

/* Begin PBXNativeTarget section */
		7109BACE28E1CF7800E8890D /* Calculator */ = {
			isa = PBXNativeTarget;
			buildConfigurationList = 7109BAE328E1CF7900E8890D /* Build configuration list for PBXNativeTarget "Calculator" */;
			buildPhases = (
				7109BACB28E1CF7800E8890D /* Sources */,
				7109BACC28E1CF7800E8890D /* Frameworks */,
				7109BACD28E1CF7800E8890D /* Resources */,
			);
			buildRules = (
			);
			dependencies = (
			);
			name = Calculator;
			productName = Calculator;
			productReference = 7109BACF28E1CF7800E8890D /* Calculator.app */;
			productType = "com.apple.product-type.application";
		};
/* End PBXNativeTarget section */

/* Begin PBXProject section */
		7109BAC728E1CF7800E8890D /* Project object */ = {
			isa = PBXProject;
			attributes = {
				BuildIndependentTargetsInParallel = 1;
				LastSwiftUpdateCheck = 1400;
				LastUpgradeCheck = 1400;
				TargetAttributes = {
					7109BACE28E1CF7800E8890D = {
						CreatedOnToolsVersion = 14.0;
					};
				};
			};
			buildConfigurationList = 7109BACA28E1CF7800E8890D /* Build configuration list for PBXProject "Calculator" */;
			compatibilityVersion = "Xcode 14.0";
			developmentRegion = en;
			hasScannedForEncodings = 0;
			knownRegions = (
				en,
				Base,
			);
			mainGroup = 7109BAC628E1CF7800E8890D;
			productRefGroup = 7109BAD028E1CF7800E8890D /* Products */;
			projectDirPath = "";
			projectRoot = "";
			targets = (
				7109BACE28E1CF7800E8890D /* Calculator */,
			);
		};
/* End PBXProject section */

/* Begin PBXResourcesBuildPhase section */
		7109BACD28E1CF7800E8890D /* Resources */ = {
			isa = PBXResourcesBuildPhase;
			buildActionMask = 2147483647;
			files = (
				7109BADF28E1CF7900E8890D /* LaunchScreen.storyboard in Resources */,
				7109BADC28E1CF7900E8890D /* Assets.xcassets in Resources */,
				7109BAED28E1D11A00E8890D /* CalculatorViewController.xib in Resources */,
				719F18E228E2F145004531B6 /* click.wav in Resources */,
			);
			runOnlyForDeploymentPostprocessing = 0;
		};
/* End PBXResourcesBuildPhase section */

/* Begin PBXSourcesBuildPhase section */
		7109BACB28E1CF7800E8890D /* Sources */ = {
			isa = PBXSourcesBuildPhase;
			buildActionMask = 2147483647;
			files = (
				7109BAEC28E1D11A00E8890D /* CalculatorViewController.swift in Sources */,
				7109BAE728E1D08E00E8890D /* CustomButton.swift in Sources */,
				7109BAD328E1CF7800E8890D /* AppDelegate.swift in Sources */,
				7109BAD528E1CF7800E8890D /* SceneDelegate.swift in Sources */,
				7102BEF828E336C700A654D4 /* CalculatorActionsProtocol.swift in Sources */,
			);
			runOnlyForDeploymentPostprocessing = 0;
		};
/* End PBXSourcesBuildPhase section */

/* Begin PBXVariantGroup section */
		7109BADD28E1CF7900E8890D /* LaunchScreen.storyboard */ = {
			isa = PBXVariantGroup;
			children = (
				7109BADE28E1CF7900E8890D /* Base */,
			);
			name = LaunchScreen.storyboard;
			sourceTree = "<group>";
		};
/* End PBXVariantGroup section */

/* Begin XCBuildConfiguration section */
		7109BAE128E1CF7900E8890D /* Debug */ = {
			isa = XCBuildConfiguration;
			buildSettings = {
				ALWAYS_SEARCH_USER_PATHS = NO;
				CLANG_ANALYZER_NONNULL = YES;
				CLANG_ANALYZER_NUMBER_OBJECT_CONVERSION = YES_AGGRESSIVE;
				CLANG_CXX_LANGUAGE_STANDARD = "gnu++20";
				CLANG_ENABLE_MODULES = YES;
				CLANG_ENABLE_OBJC_ARC = YES;
				CLANG_ENABLE_OBJC_WEAK = YES;
				CLANG_WARN_BLOCK_CAPTURE_AUTORELEASING = YES;
				CLANG_WARN_BOOL_CONVERSION = YES;
				CLANG_WARN_COMMA = YES;
				CLANG_WARN_CONSTANT_CONVERSION = YES;
				CLANG_WARN_DEPRECATED_OBJC_IMPLEMENTATIONS = YES;
				CLANG_WARN_DIRECT_OBJC_ISA_USAGE = YES_ERROR;
				CLANG_WARN_DOCUMENTATION_COMMENTS = YES;
				CLANG_WARN_EMPTY_BODY = YES;
				CLANG_WARN_ENUM_CONVERSION = YES;
				CLANG_WARN_INFINITE_RECURSION = YES;
				CLANG_WARN_INT_CONVERSION = YES;
				CLANG_WARN_NON_LITERAL_NULL_CONVERSION = YES;
				CLANG_WARN_OBJC_IMPLICIT_RETAIN_SELF = YES;
				CLANG_WARN_OBJC_LITERAL_CONVERSION = YES;
				CLANG_WARN_OBJC_ROOT_CLASS = YES_ERROR;
				CLANG_WARN_QUOTED_INCLUDE_IN_FRAMEWORK_HEADER = YES;
				CLANG_WARN_RANGE_LOOP_ANALYSIS = YES;
				CLANG_WARN_STRICT_PROTOTYPES = YES;
				CLANG_WARN_SUSPICIOUS_MOVE = YES;
				CLANG_WARN_UNGUARDED_AVAILABILITY = YES_AGGRESSIVE;
				CLANG_WARN_UNREACHABLE_CODE = YES;
				CLANG_WARN__DUPLICATE_METHOD_MATCH = YES;
				COPY_PHASE_STRIP = NO;
				DEBUG_INFORMATION_FORMAT = dwarf;
				ENABLE_STRICT_OBJC_MSGSEND = YES;
				ENABLE_TESTABILITY = YES;
				GCC_C_LANGUAGE_STANDARD = gnu11;
				GCC_DYNAMIC_NO_PIC = NO;
				GCC_NO_COMMON_BLOCKS = YES;
				GCC_OPTIMIZATION_LEVEL = 0;
				GCC_PREPROCESSOR_DEFINITIONS = (
					"DEBUG=1",
					"$(inherited)",
				);
				GCC_WARN_64_TO_32_BIT_CONVERSION = YES;
				GCC_WARN_ABOUT_RETURN_TYPE = YES_ERROR;
				GCC_WARN_UNDECLARED_SELECTOR = YES;
				GCC_WARN_UNINITIALIZED_AUTOS = YES_AGGRESSIVE;
				GCC_WARN_UNUSED_FUNCTION = YES;
				GCC_WARN_UNUSED_VARIABLE = YES;
				IPHONEOS_DEPLOYMENT_TARGET = 16.0;
				MTL_ENABLE_DEBUG_INFO = INCLUDE_SOURCE;
				MTL_FAST_MATH = YES;
				ONLY_ACTIVE_ARCH = YES;
				SDKROOT = iphoneos;
				SWIFT_ACTIVE_COMPILATION_CONDITIONS = DEBUG;
				SWIFT_OPTIMIZATION_LEVEL = "-Onone";
			};
			name = Debug;
		};
		7109BAE228E1CF7900E8890D /* Release */ = {
			isa = XCBuildConfiguration;
			buildSettings = {
				ALWAYS_SEARCH_USER_PATHS = NO;
				CLANG_ANALYZER_NONNULL = YES;
				CLANG_ANALYZER_NUMBER_OBJECT_CONVERSION = YES_AGGRESSIVE;
				CLANG_CXX_LANGUAGE_STANDARD = "gnu++20";
				CLANG_ENABLE_MODULES = YES;
				CLANG_ENABLE_OBJC_ARC = YES;
				CLANG_ENABLE_OBJC_WEAK = YES;
				CLANG_WARN_BLOCK_CAPTURE_AUTORELEASING = YES;
				CLANG_WARN_BOOL_CONVERSION = YES;
				CLANG_WARN_COMMA = YES;
				CLANG_WARN_CONSTANT_CONVERSION = YES;
				CLANG_WARN_DEPRECATED_OBJC_IMPLEMENTATIONS = YES;
				CLANG_WARN_DIRECT_OBJC_ISA_USAGE = YES_ERROR;
				CLANG_WARN_DOCUMENTATION_COMMENTS = YES;
				CLANG_WARN_EMPTY_BODY = YES;
				CLANG_WARN_ENUM_CONVERSION = YES;
				CLANG_WARN_INFINITE_RECURSION = YES;
				CLANG_WARN_INT_CONVERSION = YES;
				CLANG_WARN_NON_LITERAL_NULL_CONVERSION = YES;
				CLANG_WARN_OBJC_IMPLICIT_RETAIN_SELF = YES;
				CLANG_WARN_OBJC_LITERAL_CONVERSION = YES;
				CLANG_WARN_OBJC_ROOT_CLASS = YES_ERROR;
				CLANG_WARN_QUOTED_INCLUDE_IN_FRAMEWORK_HEADER = YES;
				CLANG_WARN_RANGE_LOOP_ANALYSIS = YES;
				CLANG_WARN_STRICT_PROTOTYPES = YES;
				CLANG_WARN_SUSPICIOUS_MOVE = YES;
				CLANG_WARN_UNGUARDED_AVAILABILITY = YES_AGGRESSIVE;
				CLANG_WARN_UNREACHABLE_CODE = YES;
				CLANG_WARN__DUPLICATE_METHOD_MATCH = YES;
				COPY_PHASE_STRIP = NO;
				DEBUG_INFORMATION_FORMAT = "dwarf-with-dsym";
				ENABLE_NS_ASSERTIONS = NO;
				ENABLE_STRICT_OBJC_MSGSEND = YES;
				GCC_C_LANGUAGE_STANDARD = gnu11;
				GCC_NO_COMMON_BLOCKS = YES;
				GCC_WARN_64_TO_32_BIT_CONVERSION = YES;
				GCC_WARN_ABOUT_RETURN_TYPE = YES_ERROR;
				GCC_WARN_UNDECLARED_SELECTOR = YES;
				GCC_WARN_UNINITIALIZED_AUTOS = YES_AGGRESSIVE;
				GCC_WARN_UNUSED_FUNCTION = YES;
				GCC_WARN_UNUSED_VARIABLE = YES;
				IPHONEOS_DEPLOYMENT_TARGET = 16.0;
				MTL_ENABLE_DEBUG_INFO = NO;
				MTL_FAST_MATH = YES;
				SDKROOT = iphoneos;
				SWIFT_COMPILATION_MODE = wholemodule;
				SWIFT_OPTIMIZATION_LEVEL = "-O";
				VALIDATE_PRODUCT = YES;
			};
			name = Release;
		};
		7109BAE428E1CF7900E8890D /* Debug */ = {
			isa = XCBuildConfiguration;
			buildSettings = {
				ASSETCATALOG_COMPILER_APPICON_NAME = AppIcon;
				ASSETCATALOG_COMPILER_GLOBAL_ACCENT_COLOR_NAME = AccentColor;
				CODE_SIGN_STYLE = Automatic;
				CURRENT_PROJECT_VERSION = 1;
				DEVELOPMENT_TEAM = FAHJ57W2W9;
				GENERATE_INFOPLIST_FILE = YES;
				INFOPLIST_FILE = Calculator/Info.plist;
				INFOPLIST_KEY_UIApplicationSupportsIndirectInputEvents = YES;
				INFOPLIST_KEY_UILaunchStoryboardName = LaunchScreen;
				INFOPLIST_KEY_UISupportedInterfaceOrientations_iPad = "UIInterfaceOrientationPortrait UIInterfaceOrientationPortraitUpsideDown UIInterfaceOrientationLandscapeLeft UIInterfaceOrientationLandscapeRight";
				INFOPLIST_KEY_UISupportedInterfaceOrientations_iPhone = "UIInterfaceOrientationPortrait UIInterfaceOrientationLandscapeLeft UIInterfaceOrientationLandscapeRight";
				LD_RUNPATH_SEARCH_PATHS = (
					"$(inherited)",
					"@executable_path/Frameworks",
				);
				MARKETING_VERSION = 1.0;
				PRODUCT_BUNDLE_IDENTIFIER = com.oguzhankin.Calculator;
				PRODUCT_NAME = "$(TARGET_NAME)";
				SWIFT_EMIT_LOC_STRINGS = YES;
				SWIFT_VERSION = 5.0;
				TARGETED_DEVICE_FAMILY = "1,2";
			};
			name = Debug;
		};
		7109BAE528E1CF7900E8890D /* Release */ = {
			isa = XCBuildConfiguration;
			buildSettings = {
				ASSETCATALOG_COMPILER_APPICON_NAME = AppIcon;
				ASSETCATALOG_COMPILER_GLOBAL_ACCENT_COLOR_NAME = AccentColor;
				CODE_SIGN_STYLE = Automatic;
				CURRENT_PROJECT_VERSION = 1;
				DEVELOPMENT_TEAM = FAHJ57W2W9;
				GENERATE_INFOPLIST_FILE = YES;
				INFOPLIST_FILE = Calculator/Info.plist;
				INFOPLIST_KEY_UIApplicationSupportsIndirectInputEvents = YES;
				INFOPLIST_KEY_UILaunchStoryboardName = LaunchScreen;
				INFOPLIST_KEY_UISupportedInterfaceOrientations_iPad = "UIInterfaceOrientationPortrait UIInterfaceOrientationPortraitUpsideDown UIInterfaceOrientationLandscapeLeft UIInterfaceOrientationLandscapeRight";
				INFOPLIST_KEY_UISupportedInterfaceOrientations_iPhone = "UIInterfaceOrientationPortrait UIInterfaceOrientationLandscapeLeft UIInterfaceOrientationLandscapeRight";
				LD_RUNPATH_SEARCH_PATHS = (
					"$(inherited)",
					"@executable_path/Frameworks",
				);
				MARKETING_VERSION = 1.0;
				PRODUCT_BUNDLE_IDENTIFIER = com.oguzhankin.Calculator;
				PRODUCT_NAME = "$(TARGET_NAME)";
				SWIFT_EMIT_LOC_STRINGS = YES;
				SWIFT_VERSION = 5.0;
				TARGETED_DEVICE_FAMILY = "1,2";
			};
			name = Release;
		};
/* End XCBuildConfiguration section */

/* Begin XCConfigurationList section */
		7109BACA28E1CF7800E8890D /* Build configuration list for PBXProject "Calculator" */ = {
			isa = XCConfigurationList;
			buildConfigurations = (
				7109BAE128E1CF7900E8890D /* Debug */,
				7109BAE228E1CF7900E8890D /* Release */,
			);
			defaultConfigurationIsVisible = 0;
			defaultConfigurationName = Release;
		};
		7109BAE328E1CF7900E8890D /* Build configuration list for PBXNativeTarget "Calculator" */ = {
			isa = XCConfigurationList;
			buildConfigurations = (
				7109BAE428E1CF7900E8890D /* Debug */,
				7109BAE528E1CF7900E8890D /* Release */,
			);
			defaultConfigurationIsVisible = 0;
			defaultConfigurationName = Release;
		};
/* End XCConfigurationList section */
	};
	rootObject = 7109BAC728E1CF7800E8890D /* Project object */;
}
